
Microsoft Visual Studio Solution File, Format Version 12.00
# Visual Studio Version 17
VisualStudioVersion = 17.10.34916.146
MinimumVisualStudioVersion = 10.0.40219.1
Project("{FAE04EC0-301F-11D3-BF4B-00C04F79EFBC}") = "WpfApp2", "WpfApp2\WpfApp2.csproj", "{CA4762E8-EADF-4FDD-B530-9EB4CE9947DD}"
EndProject
Global
	GlobalSection(SolutionConfigurationPlatforms) = preSolution
		Debug|Any CPU = Debug|Any CPU
		Release|Any CPU = Release|Any CPU
	EndGlobalSection
	GlobalSection(ProjectConfigurationPlatforms) = postSolution
		{CA4762E8-EADF-4FDD-B530-9EB4CE9947DD}.Debug|Any CPU.ActiveCfg = Debug|Any CPU
		{CA4762E8-EADF-4FDD-B530-9EB4CE9947DD}.Debug|Any CPU.Build.0 = Debug|Any CPU
		{CA4762E8-EADF-4FDD-B530-9EB4CE9947DD}.Release|Any CPU.ActiveCfg = Release|Any CPU
		{CA4762E8-EADF-4FDD-B530-9EB4CE9947DD}.Release|Any CPU.Build.0 = Release|Any CPU
	EndGlobalSection
	GlobalSection(SolutionProperties) = preSolution
		HideSolutionNode = FALSE
	EndGlobalSection
	GlobalSection(ExtensibilityGlobals) = postSolution
		SolutionGuid = {AC4FC40F-1615-41AD-AFC9-A7296D70636F}
	EndGlobalSection
EndGlobal
